
Microsoft Visual Studio Solution File, Format Version 12.00
# Visual Studio 15
Project("{FAE04EC0-301F-11D3-BF4B-00C04F79EFBC}") = "Assembly-CSharp", "Assembly-CSharp.csproj", "{D6184980-A2C0-FA85-A382-CCB6601C86C8}"
EndProject
Project("{FAE04EC0-301F-11D3-BF4B-00C04F79EFBC}") = "Assembly-CSharp-Editor", "Assembly-CSharp-Editor.csproj", "{CFED061D-9A7A-D18B-C716-5FA4396CE214}"
EndProject
Global
	GlobalSection(SolutionConfigurationPlatforms) = preSolution
		Debug|Any CPU = Debug|Any CPU
		Release|Any CPU = Release|Any CPU
	EndGlobalSection
	GlobalSection(ProjectConfigurationPlatforms) = postSolution
		{D6184980-A2C0-FA85-A382-CCB6601C86C8}.Debug|Any CPU.ActiveCfg = Debug|Any CPU
		{D6184980-A2C0-FA85-A382-CCB6601C86C8}.Debug|Any CPU.Build.0 = Debug|Any CPU
		{D6184980-A2C0-FA85-A382-CCB6601C86C8}.Release|Any CPU.ActiveCfg = Release|Any CPU
		{D6184980-A2C0-FA85-A382-CCB6601C86C8}.Release|Any CPU.Build.0 = Release|Any CPU
		{CFED061D-9A7A-D18B-C716-5FA4396CE214}.Debug|Any CPU.ActiveCfg = Debug|Any CPU
		{CFED061D-9A7A-D18B-C716-5FA4396CE214}.Debug|Any CPU.Build.0 = Debug|Any CPU
		{CFED061D-9A7A-D18B-C716-5FA4396CE214}.Release|Any CPU.ActiveCfg = Release|Any CPU
		{CFED061D-9A7A-D18B-C716-5FA4396CE214}.Release|Any CPU.Build.0 = Release|Any CPU
	EndGlobalSection
	GlobalSection(SolutionProperties) = preSolution
		HideSolutionNode = FALSE
	EndGlobalSection
EndGlobal
